# This file is generated by running "yarn install" inside your project.
# Manual changes might be lost - proceed with caution!

__metadata:
  version: 4

"backend@workspace:backend":
  version: 0.0.0-use.local
  resolution: "backend@workspace:backend"
  dependencies:
    commons: "workspace:commons"
  languageName: unknown
  linkType: soft

"commons@workspace:commons":
  version: 0.0.0-use.local
  resolution: "commons@workspace:commons"
  languageName: unknown
  linkType: soft

"yolo-trading@workspace:.":
  version: 0.0.0-use.local
  resolution: "yolo-trading@workspace:."
  languageName: unknown
  linkType: soft
